
Microsoft Visual Studio Solution File, Format Version 12.00
# Visual Studio 15
VisualStudioVersion = 15.0.28010.2026
MinimumVisualStudioVersion = 10.0.40219.1
Project("{FAE04EC0-301F-11D3-BF4B-00C04F79EFBC}") = "AD2_Test3_Serge_Fabre", "AD2_Test3_Serge_Fabre\AD2_Test3_Serge_Fabre.csproj", "{013337E4-1C25-4731-814F-45D0B1AA0110}"
EndProject
Global
	GlobalSection(SolutionConfigurationPlatforms) = preSolution
		Debug|Any CPU = Debug|Any CPU
		Release|Any CPU = Release|Any CPU
	EndGlobalSection
	GlobalSection(ProjectConfigurationPlatforms) = postSolution
		{013337E4-1C25-4731-814F-45D0B1AA0110}.Debug|Any CPU.ActiveCfg = Debug|Any CPU
		{013337E4-1C25-4731-814F-45D0B1AA0110}.Debug|Any CPU.Build.0 = Debug|Any CPU
		{013337E4-1C25-4731-814F-45D0B1AA0110}.Release|Any CPU.ActiveCfg = Release|Any CPU
		{013337E4-1C25-4731-814F-45D0B1AA0110}.Release|Any CPU.Build.0 = Release|Any CPU
	EndGlobalSection
	GlobalSection(SolutionProperties) = preSolution
		HideSolutionNode = FALSE
	EndGlobalSection
	GlobalSection(ExtensibilityGlobals) = postSolution
		SolutionGuid = {FDC3F8DC-0107-455A-8875-619A5FA2103D}
	EndGlobalSection
EndGlobal
